
Microsoft Visual Studio Solution File, Format Version 12.00
# Visual Studio 2013
VisualStudioVersion = 12.0.30501.0
MinimumVisualStudioVersion = 10.0.40219.1
Project("{FAE04EC0-301F-11D3-BF4B-00C04F79EFBC}") = "Salarios", "Salarios\Salarios.csproj", "{160A8F37-FC07-460C-ACD8-1BA84D7E43C2}"
EndProject
Global
	GlobalSection(SolutionConfigurationPlatforms) = preSolution
		Debug|Any CPU = Debug|Any CPU
		Release|Any CPU = Release|Any CPU
	EndGlobalSection
	GlobalSection(ProjectConfigurationPlatforms) = postSolution
		{160A8F37-FC07-460C-ACD8-1BA84D7E43C2}.Debug|Any CPU.ActiveCfg = Debug|Any CPU
		{160A8F37-FC07-460C-ACD8-1BA84D7E43C2}.Debug|Any CPU.Build.0 = Debug|Any CPU
		{160A8F37-FC07-460C-ACD8-1BA84D7E43C2}.Release|Any CPU.ActiveCfg = Release|Any CPU
		{160A8F37-FC07-460C-ACD8-1BA84D7E43C2}.Release|Any CPU.Build.0 = Release|Any CPU
	EndGlobalSection
	GlobalSection(SolutionProperties) = preSolution
		HideSolutionNode = FALSE
	EndGlobalSection
EndGlobal
